<?xml version="1.0" encoding="utf-8"?>
<Project ToolsVersion="4.0" xmlns="http://schemas.microsoft.com/developer/msbuild/2003">
  <ItemGroup>
    <Filter Include="Source Files">
      <UniqueIdentifier>{4FC737F1-C7A5-4376-A066-2A32D752A2FF}</UniqueIdentifier>
      <Extensions>cpp;c;cc;cxx;def;odl;idl;hpj;bat;asm;asmx</Extensions>
    </Filter>
    <Filter Include="Header Files">
      <UniqueIdentifier>{93995380-89BD-4b04-88EB-625FBE52EBFB}</UniqueIdentifier>
      <Extensions>h;hh;hpp;hxx;hm;inl;inc;xsd</Extensions>
    </Filter>
    <Filter Include="Resource Files">
      <UniqueIdentifier>{67DA6AB6-F800-4c08-8B7A-83BB121AAD01}</UniqueIdentifier>
      <Extensions>rc;ico;cur;bmp;dlg;rc2;rct;bin;rgs;gif;jpg;jpeg;jpe;resx;tiff;tif;png;wav;mfcribbon-ms</Extensions>
    </Filter>
    <Filter Include="Header Files\Events">
      <UniqueIdentifier>{d8c0ff6a-dc33-41e6-8d41-8435fb2d9129}</UniqueIdentifier>
    </Filter>
    <Filter Include="Header Files\Utilities">
      <UniqueIdentifier>{2c849f78-a2cf-4364-9a0c-0eea6ae625fa}</UniqueIdentifier>
    </Filter>
    <Filter Include="Header Files\Input">
      <UniqueIdentifier>{90e701d5-4360-4102-aeec-cd3a187263bd}</UniqueIdentifier>
    </Filter>
    <Filter Include="Header Files\Physics">
      <UniqueIdentifier>{f982748d-ef2a-4038-93cc-9834e5db4306}</UniqueIdentifier>
    </Filter>
    <Filter Include="Header Files\Rendering">
      <UniqueIdentifier>{ccafea6a-0da0-4d2c-a184-6571805f3f87}</UniqueIdentifier>
    </Filter>
    <Filter Include="Source Files\Shaders">
      <UniqueIdentifier>{7981e15c-7847-4829-b5b3-fee25f97abd3}</UniqueIdentifier>
    </Filter>
    <Filter Include="Source Files\Events">
      <UniqueIdentifier>{be15a68b-67f2-4871-9e38-b10a45498bb0}</UniqueIdentifier>
    </Filter>
    <Filter Include="Source Files\Input">
      <UniqueIdentifier>{d3fd36be-8b2e-4cf7-9465-c3d1fa94b95e}</UniqueIdentifier>
    </Filter>
    <Filter Include="Source Files\Physics">
      <UniqueIdentifier>{cf723b69-be6a-4a24-82f0-abc6684b241e}</UniqueIdentifier>
    </Filter>
    <Filter Include="Source Files\Objects">
      <UniqueIdentifier>{3dc0099f-4637-4904-a8c8-1681630109bc}</UniqueIdentifier>
    </Filter>
    <Filter Include="Header Files\Objects">
      <UniqueIdentifier>{b50eb878-1310-4a7e-8d8a-e74787439df4}</UniqueIdentifier>
    </Filter>
    <Filter Include="Source Files\Utilities">
      <UniqueIdentifier>{40a67d07-d103-4774-adb6-ea2dc9cb4920}</UniqueIdentifier>
    </Filter>
    <Filter Include="Source Files\Rendering">
      <UniqueIdentifier>{2f9e2287-591d-4c28-a444-04976eb0d318}</UniqueIdentifier>
    </Filter>
    <Filter Include="Header Files\Physics\CollisionShapes">
      <UniqueIdentifier>{8a5c6424-29ff-4282-abf1-5a2b9db34d2c}</UniqueIdentifier>
    </Filter>
    <Filter Include="Source Files\Physics\CollisionShape">
      <UniqueIdentifier>{04b58578-082b-487a-ac74-842d90384ca5}</UniqueIdentifier>
    </Filter>
    <Filter Include="Header Files\Physics\Solvers">
      <UniqueIdentifier>{c15bf0e2-4dee-48a4-9048-0b5ba481aa55}</UniqueIdentifier>
    </Filter>
    <Filter Include="Source Files\Physics\Solvers">
      <UniqueIdentifier>{68262477-0f0e-4c60-b803-c3d5d550d5b8}</UniqueIdentifier>
    </Filter>
    <Filter Include="Header Files\Physics\Broadphase">
      <UniqueIdentifier>{38044cb2-7282-45de-908e-b0bc17bca200}</UniqueIdentifier>
    </Filter>
    <Filter Include="Source Files\Physics\Broadphase">
      <UniqueIdentifier>{69d8030a-5ce9-4654-bb26-95e44aa2a3d0}</UniqueIdentifier>
    </Filter>
    <Filter Include="Header Files\Physics\Narrowphase">
      <UniqueIdentifier>{4cd21192-da93-4760-a36d-3ac57f5887ab}</UniqueIdentifier>
    </Filter>
    <Filter Include="Source Files\Physics\Narrowphase">
      <UniqueIdentifier>{2e0c372b-ffaf-4ebf-9279-f83405f1883b}</UniqueIdentifier>
    </Filter>
    <Filter Include="Header Files\Metaprogramming">
      <UniqueIdentifier>{81c43b61-9ef6-44d6-a9e4-90aa06f48648}</UniqueIdentifier>
    </Filter>
    <Filter Include="Header Files\Metaprogramming\Common">
      <UniqueIdentifier>{89f40111-e0db-4975-aa42-ac87df0c8885}</UniqueIdentifier>
    </Filter>
    <Filter Include="Source Files\Rendering\Renderers">
      <UniqueIdentifier>{45b2726c-e1cb-4068-9f07-859924efec4c}</UniqueIdentifier>
    </Filter>
    <Filter Include="Header Files\Rendering\Renderers">
      <UniqueIdentifier>{8cbd7413-c8e6-430e-a5fc-a9f0dc96c248}</UniqueIdentifier>
    </Filter>
  </ItemGroup>
  <ItemGroup>
    <ClInclude Include="..\..\code\Events\EDCreateObject.h">
      <Filter>Header Files\Events</Filter>
    </ClInclude>
    <ClInclude Include="..\..\code\Events\EDCreateRenderComp.h">
      <Filter>Header Files\Events</Filter>
    </ClInclude>
    <ClInclude Include="..\..\code\EventDefs.h">
      <Filter>Header Files\Events</Filter>
    </ClInclude>
    <ClInclude Include="..\..\code\Events\EDKeyState.h">
      <Filter>Header Files\Events</Filter>
    </ClInclude>
    <ClInclude Include="..\..\code\Events\EDCreatePhysComp.h">
      <Filter>Header Files\Events</Filter>
    </ClInclude>
    <ClInclude Include="..\..\code\Events\EventSystem.h">
      <Filter>Header Files\Events</Filter>
    </ClInclude>
    <ClInclude Include="..\..\code\Events\IEventData.h">
      <Filter>Header Files\Events</Filter>
    </ClInclude>
    <ClInclude Include="..\..\code\Input\InputSystem.h">
      <Filter>Header Files\Input</Filter>
    </ClInclude>
    <ClInclude Include="..\..\code\Objects\IObjectComponent.h">
      <Filter>Header Files\Objects</Filter>
    </ClInclude>
    <ClInclude Include="..\..\code\Objects\CelestialObjectSystem.h">
      <Filter>Header Files\Objects</Filter>
    </ClInclude>
    <ClInclude Include="..\..\code\Objects\ICelestialObject.h">
      <Filter>Header Files\Objects</Filter>
    </ClInclude>
    <ClInclude Include="..\..\code\Physics\PhysicsSystem.h">
      <Filter>Header Files\Physics</Filter>
    </ClInclude>
    <ClInclude Include="..\..\code\Physics\PhysicsWorld.h">
      <Filter>Header Files\Physics</Filter>
    </ClInclude>
    <ClInclude Include="..\..\code\Physics\IRigidBody.h">
      <Filter>Header Files\Physics</Filter>
    </ClInclude>
    <ClInclude Include="..\..\code\Physics\PhysicsComponent.h">
      <Filter>Header Files\Physics</Filter>
    </ClInclude>
    <ClInclude Include="..\..\code\Physics\PhysicsDefs.h">
      <Filter>Header Files\Physics</Filter>
    </ClInclude>
    <ClInclude Include="..\..\code\Physics\PhysicsHelpers.h">
      <Filter>Header Files\Physics</Filter>
    </ClInclude>
    <ClInclude Include="..\..\code\Rendering\Camera.h">
      <Filter>Header Files\Rendering</Filter>
    </ClInclude>
    <ClInclude Include="..\..\code\Rendering\GLRenderHelpers.h">
      <Filter>Header Files\Rendering</Filter>
    </ClInclude>
    <ClInclude Include="..\..\code\Rendering\RenderComponent.h">
      <Filter>Header Files\Rendering</Filter>
    </ClInclude>
    <ClInclude Include="..\..\code\Rendering\RenderingSystem.h">
      <Filter>Header Files\Rendering</Filter>
    </ClInclude>
    <ClInclude Include="..\..\code\Utilities\OrbitalsDefs.h">
      <Filter>Header Files\Utilities</Filter>
    </ClInclude>
    <ClInclude Include="..\..\code\Utilities\GameDefs.h">
      <Filter>Header Files\Utilities</Filter>
    </ClInclude>
    <ClInclude Include="..\..\code\Utilities\HelperFunctions.h">
      <Filter>Header Files\Utilities</Filter>
    </ClInclude>
    <ClInclude Include="..\..\code\ISystem.h">
      <Filter>Header Files</Filter>
    </ClInclude>
    <ClInclude Include="..\..\code\Engine.h">
      <Filter>Header Files</Filter>
    </ClInclude>
    <ClInclude Include="..\..\code\Physics\ICollisionShape.h">
      <Filter>Header Files\Physics\CollisionShapes</Filter>
    </ClInclude>
    <ClInclude Include="..\..\code\Physics\BoxShape.h">
      <Filter>Header Files\Physics\CollisionShapes</Filter>
    </ClInclude>
    <ClInclude Include="..\..\code\Physics\SphereShape.h">
      <Filter>Header Files\Physics\CollisionShapes</Filter>
    </ClInclude>
    <ClInclude Include="..\..\code\Rendering\PhysDebugDrawer.h">
      <Filter>Header Files\Rendering</Filter>
    </ClInclude>
    <ClInclude Include="..\..\code\Physics\IBroadphase.h">
      <Filter>Header Files\Physics\Broadphase</Filter>
    </ClInclude>
    <ClInclude Include="..\..\code\Physics\BroadphaseAABB.h">
      <Filter>Header Files\Physics\Broadphase</Filter>
    </ClInclude>
    <ClInclude Include="..\..\code\Physics\INarrowphase.h">
      <Filter>Header Files\Physics\Narrowphase</Filter>
    </ClInclude>
    <ClInclude Include="..\..\code\Physics\NarrowphaseSAT.h">
      <Filter>Header Files\Physics\Narrowphase</Filter>
    </ClInclude>
    <ClInclude Include="..\..\code\Physics\NarrowphaseGJK_EPA.h">
      <Filter>Header Files\Physics\Narrowphase</Filter>
    </ClInclude>
    <ClInclude Include="..\..\code\Metaprogramming\Common\Singleton.h">
      <Filter>Header Files\Metaprogramming\Common</Filter>
    </ClInclude>
    <ClInclude Include="..\..\code\Metaprogramming\Common\TypeInfo.h">
      <Filter>Header Files\Metaprogramming\Common</Filter>
    </ClInclude>
    <ClInclude Include="..\..\code\Metaprogramming\Common\Typelists.h">
      <Filter>Header Files\Metaprogramming\Common</Filter>
    </ClInclude>
    <ClInclude Include="..\..\code\Metaprogramming\Common\TypeTraits.h">
      <Filter>Header Files\Metaprogramming\Common</Filter>
    </ClInclude>
    <ClInclude Include="..\..\code\Metaprogramming\Factories.h">
      <Filter>Header Files\Metaprogramming</Filter>
    </ClInclude>
    <ClInclude Include="..\..\code\Metaprogramming\Functors.h">
      <Filter>Header Files\Metaprogramming</Filter>
    </ClInclude>
    <ClInclude Include="IObjectFactory.h">
      <Filter>Header Files\Objects</Filter>
    </ClInclude>
    <ClInclude Include="..\..\code\Objects\ObjectCreatorFunctions.h">
      <Filter>Header Files\Objects</Filter>
    </ClInclude>
    <ClInclude Include="..\..\code\Utilities\Debug.h">
      <Filter>Header Files\Utilities</Filter>
    </ClInclude>
    <ClInclude Include="..\..\code\Physics\IConstraintSolver.h">
      <Filter>Header Files\Physics\Solvers</Filter>
    </ClInclude>
    <ClInclude Include="..\..\code\Physics\ConstraintSolverSeqImpulse.h">
      <Filter>Header Files\Physics\Solvers</Filter>
    </ClInclude>
    <ClInclude Include="..\..\code\Physics\Manifold.h">
      <Filter>Header Files\Physics</Filter>
    </ClInclude>
    <ClInclude Include="..\..\code\Physics\OTransform.h">
      <Filter>Header Files\Physics</Filter>
    </ClInclude>
    <ClInclude Include="..\..\code\Rendering\RenderToTexture.h">
      <Filter>Header Files\Rendering\Renderers</Filter>
    </ClInclude>
    <ClInclude Include="..\..\code\Rendering\IRendererType.h">
      <Filter>Header Files\Rendering\Renderers</Filter>
    </ClInclude>
    <ClInclude Include="..\..\code\Rendering\Shadowmap.h">
      <Filter>Header Files\Rendering\Renderers</Filter>
    </ClInclude>
  </ItemGroup>
  <ItemGroup>
    <None Include="FragmentShader_Lighting.glsl">
      <Filter>Source Files\Shaders</Filter>
    </None>
    <None Include="VertexShader_Lighting.glsl">
      <Filter>Source Files\Shaders</Filter>
    </None>
    <None Include="RenderTexture.glsl">
      <Filter>Source Files\Shaders</Filter>
    </None>
    <None Include="X:\VS\Orbitals\VertexShader.glsl">
      <Filter>Source Files\Shaders</Filter>
    </None>
    <None Include="X:\VS\Orbitals\FragmentShader.glsl">
      <Filter>Source Files\Shaders</Filter>
    </None>
    <None Include="Vertex_Passthrough.glsl">
      <Filter>Source Files\Shaders</Filter>
    </None>
    <None Include="Shadowmap_Vertex.glsl">
      <Filter>Source Files\Shaders</Filter>
    </None>
    <None Include="Shadowmap_Fragment.glsl">
      <Filter>Source Files\Shaders</Filter>
    </None>
  </ItemGroup>
  <ItemGroup>
    <ClCompile Include="..\..\code\Events\EventSystem.cpp">
      <Filter>Source Files\Events</Filter>
    </ClCompile>
    <ClCompile Include="..\..\code\Input\InputSystem.cpp">
      <Filter>Source Files\Input</Filter>
    </ClCompile>
    <ClCompile Include="..\..\code\Objects\ICelestialObject.cpp">
      <Filter>Source Files\Objects</Filter>
    </ClCompile>
    <ClCompile Include="..\..\code\Objects\CelestialObjectSystem.cpp">
      <Filter>Source Files\Objects</Filter>
    </ClCompile>
    <ClCompile Include="..\..\code\Physics\IRigidBody.cpp">
      <Filter>Source Files\Physics</Filter>
    </ClCompile>
    <ClCompile Include="..\..\code\Physics\PhysicsComponent.cpp">
      <Filter>Source Files\Physics</Filter>
    </ClCompile>
    <ClCompile Include="..\..\code\Physics\PhysicsWorld.cpp">
      <Filter>Source Files\Physics</Filter>
    </ClCompile>
    <ClCompile Include="..\..\code\Physics\PhysicsSystem.cpp">
      <Filter>Source Files\Physics</Filter>
    </ClCompile>
    <ClCompile Include="..\..\code\Rendering\GLRenderHelpers.cpp">
      <Filter>Source Files\Rendering</Filter>
    </ClCompile>
    <ClCompile Include="..\..\code\Rendering\RenderComponent.cpp">
      <Filter>Source Files\Rendering</Filter>
    </ClCompile>
    <ClCompile Include="..\..\code\Rendering\RenderingSystem.cpp">
      <Filter>Source Files\Rendering</Filter>
    </ClCompile>
    <ClCompile Include="..\..\code\main.cpp">
      <Filter>Source Files</Filter>
    </ClCompile>
    <ClCompile Include="..\..\code\Engine.cpp">
      <Filter>Source Files</Filter>
    </ClCompile>
    <ClCompile Include="..\..\code\Physics\ICollisionShape.cpp">
      <Filter>Source Files\Physics\CollisionShape</Filter>
    </ClCompile>
    <ClCompile Include="..\..\code\Physics\BoxShape.cpp">
      <Filter>Source Files\Physics\CollisionShape</Filter>
    </ClCompile>
    <ClCompile Include="..\..\code\Physics\SphereShape.cpp">
      <Filter>Source Files\Physics\CollisionShape</Filter>
    </ClCompile>
    <ClCompile Include="..\..\code\Rendering\PhysDebugDrawer.cpp">
      <Filter>Source Files\Rendering</Filter>
    </ClCompile>
    <ClCompile Include="..\..\code\Physics\BroadphaseAABB.cpp">
      <Filter>Source Files\Physics\Broadphase</Filter>
    </ClCompile>
    <ClCompile Include="..\..\code\Physics\NarrowphaseSAT.cpp">
      <Filter>Source Files\Physics\Narrowphase</Filter>
    </ClCompile>
    <ClCompile Include="..\..\code\Physics\NarrowphaseGJK_EPA.cpp">
      <Filter>Source Files\Physics\Narrowphase</Filter>
    </ClCompile>
    <ClCompile Include="..\..\code\Objects\ObjectCreatorFunctions.cpp">
      <Filter>Source Files\Objects</Filter>
    </ClCompile>
    <ClCompile Include="..\..\code\Utilities\Debug.cpp">
      <Filter>Source Files\Utilities</Filter>
    </ClCompile>
    <ClCompile Include="..\..\code\Physics\ConstriantSolverSeqImpulse.cpp">
      <Filter>Source Files\Physics\Solvers</Filter>
    </ClCompile>
    <ClCompile Include="..\..\code\Utilities\HelperFunctions.cpp">
      <Filter>Source Files\Utilities</Filter>
    </ClCompile>
    <ClCompile Include="..\..\code\Physics\Manifold.cpp">
      <Filter>Source Files\Physics</Filter>
    </ClCompile>
    <ClCompile Include="..\..\code\Rendering\RenderToTexture.cpp">
      <Filter>Source Files\Rendering\Renderers</Filter>
    </ClCompile>
    <ClCompile Include="..\..\code\Rendering\Shadowmap.cpp">
      <Filter>Source Files\Rendering\Renderers</Filter>
    </ClCompile>
  </ItemGroup>
</Project>